
Microsoft Visual Studio Solution File, Format Version 12.00
# Visual Studio Version 17
VisualStudioVersion = 17.8.34330.188
MinimumVisualStudioVersion = 10.0.40219.1
Project("{FAE04EC0-301F-11D3-BF4B-00C04F79EFBC}") = "WindowsAppWeatherForecast.WindowsForm", "WindowsAppWeatherForecast.WindowsForm\WindowsAppWeatherForecast.WindowsForm.csproj", "{34BE4BF3-DFE2-4FD2-9414-BACBCA321EDE}"
EndProject
Project("{FAE04EC0-301F-11D3-BF4B-00C04F79EFBC}") = "ClassLibrary", "ClassLibrary\ClassLibrary.csproj", "{66619F90-2500-46FD-9680-65FC9DDA6D1E}"
EndProject
Global
	GlobalSection(SolutionConfigurationPlatforms) = preSolution
		Debug|Any CPU = Debug|Any CPU
		Release|Any CPU = Release|Any CPU
	EndGlobalSection
	GlobalSection(ProjectConfigurationPlatforms) = postSolution
		{34BE4BF3-DFE2-4FD2-9414-BACBCA321EDE}.Debug|Any CPU.ActiveCfg = Debug|Any CPU
		{34BE4BF3-DFE2-4FD2-9414-BACBCA321EDE}.Debug|Any CPU.Build.0 = Debug|Any CPU
		{34BE4BF3-DFE2-4FD2-9414-BACBCA321EDE}.Release|Any CPU.ActiveCfg = Release|Any CPU
		{34BE4BF3-DFE2-4FD2-9414-BACBCA321EDE}.Release|Any CPU.Build.0 = Release|Any CPU
		{66619F90-2500-46FD-9680-65FC9DDA6D1E}.Debug|Any CPU.ActiveCfg = Debug|Any CPU
		{66619F90-2500-46FD-9680-65FC9DDA6D1E}.Debug|Any CPU.Build.0 = Debug|Any CPU
		{66619F90-2500-46FD-9680-65FC9DDA6D1E}.Release|Any CPU.ActiveCfg = Release|Any CPU
		{66619F90-2500-46FD-9680-65FC9DDA6D1E}.Release|Any CPU.Build.0 = Release|Any CPU
	EndGlobalSection
	GlobalSection(SolutionProperties) = preSolution
		HideSolutionNode = FALSE
	EndGlobalSection
	GlobalSection(ExtensibilityGlobals) = postSolution
		SolutionGuid = {98F9DC67-8B85-429C-B01E-30F5175DDDC9}
	EndGlobalSection
EndGlobal
